
Microsoft Visual Studio Solution File, Format Version 12.00
# Visual Studio Version 16
VisualStudioVersion = 16.0.30011.22
MinimumVisualStudioVersion = 10.0.40219.1
Project("{FAE04EC0-301F-11D3-BF4B-00C04F79EFBC}") = "webApiV1", "webApiV1\webApiV1.csproj", "{8C863C92-BF6D-4D0C-9A70-BFAD54245CB4}"
EndProject
Global
	GlobalSection(SolutionConfigurationPlatforms) = preSolution
		Debug|Any CPU = Debug|Any CPU
		Release|Any CPU = Release|Any CPU
	EndGlobalSection
	GlobalSection(ProjectConfigurationPlatforms) = postSolution
		{8C863C92-BF6D-4D0C-9A70-BFAD54245CB4}.Debug|Any CPU.ActiveCfg = Debug|Any CPU
		{8C863C92-BF6D-4D0C-9A70-BFAD54245CB4}.Debug|Any CPU.Build.0 = Debug|Any CPU
		{8C863C92-BF6D-4D0C-9A70-BFAD54245CB4}.Release|Any CPU.ActiveCfg = Release|Any CPU
		{8C863C92-BF6D-4D0C-9A70-BFAD54245CB4}.Release|Any CPU.Build.0 = Release|Any CPU
	EndGlobalSection
	GlobalSection(SolutionProperties) = preSolution
		HideSolutionNode = FALSE
	EndGlobalSection
	GlobalSection(ExtensibilityGlobals) = postSolution
		SolutionGuid = {1CA42B40-0BEC-4691-888C-3500A44A457E}
	EndGlobalSection
EndGlobal
